// !$*UTF8*$!
{
	archiveVersion = 1;
	classes = {
	};
	objectVersion = 48;
	objects = {

/* Begin PBXBuildFile section */
		9E38806A1FB25F1A008F35C1 /* AppDelegate.swift in Sources */ = {isa = PBXBuildFile; fileRef = 9E3880691FB25F1A008F35C1 /* AppDelegate.swift */; };
		9E38806C1FB25F1A008F35C1 /* OnBoardingVC.swift in Sources */ = {isa = PBXBuildFile; fileRef = 9E38806B1FB25F1A008F35C1 /* OnBoardingVC.swift */; };
		9E38806F1FB25F1A008F35C1 /* Main.storyboard in Resources */ = {isa = PBXBuildFile; fileRef = 9E38806D1FB25F1A008F35C1 /* Main.storyboard */; };
		9E3880711FB25F1A008F35C1 /* Assets.xcassets in Resources */ = {isa = PBXBuildFile; fileRef = 9E3880701FB25F1A008F35C1 /* Assets.xcassets */; };
		9E3880741FB25F1A008F35C1 /* LaunchScreen.storyboard in Resources */ = {isa = PBXBuildFile; fileRef = 9E3880721FB25F1A008F35C1 /* LaunchScreen.storyboard */; };
		9EB581021FB260C5007C9766 /* OnBoardingView.swift in Sources */ = {isa = PBXBuildFile; fileRef = 9EB581011FB260C5007C9766 /* OnBoardingView.swift */; };
		9EB581081FB2A101007C9766 /* SWRevealViewController.m in Sources */ = {isa = PBXBuildFile; fileRef = 9EB581061FB2A100007C9766 /* SWRevealViewController.m */; };
		9EB5810A1FB2A238007C9766 /* HomeVC.swift in Sources */ = {isa = PBXBuildFile; fileRef = 9EB581091FB2A238007C9766 /* HomeVC.swift */; };
		9EB5810C1FB2ADBF007C9766 /* ProfileVC.swift in Sources */ = {isa = PBXBuildFile; fileRef = 9EB5810B1FB2ADBF007C9766 /* ProfileVC.swift */; };
		9EB5810E1FB2ADCC007C9766 /* MenuVC.swift in Sources */ = {isa = PBXBuildFile; fileRef = 9EB5810D1FB2ADCC007C9766 /* MenuVC.swift */; };
		9EB581101FB2B914007C9766 /* NotesVC.swift in Sources */ = {isa = PBXBuildFile; fileRef = 9EB5810F1FB2B914007C9766 /* NotesVC.swift */; };
		9EB581121FB2DAA5007C9766 /* CircleImageView.swift in Sources */ = {isa = PBXBuildFile; fileRef = 9EB581111FB2DAA5007C9766 /* CircleImageView.swift */; };
		9EB581141FB37D42007C9766 /* CameraVC.swift in Sources */ = {isa = PBXBuildFile; fileRef = 9EB581131FB37D41007C9766 /* CameraVC.swift */; };
		9EB581171FB38AE4007C9766 /* StoreData.swift in Sources */ = {isa = PBXBuildFile; fileRef = 9EB581161FB38AE4007C9766 /* StoreData.swift */; };
		9EB581191FB3AD28007C9766 /* ProfileBoardingView.swift in Sources */ = {isa = PBXBuildFile; fileRef = 9EB581181FB3AD28007C9766 /* ProfileBoardingView.swift */; };
		9EB5811B1FB4C122007C9766 /* Login-SignUpVC.swift in Sources */ = {isa = PBXBuildFile; fileRef = 9EB5811A1FB4C122007C9766 /* Login-SignUpVC.swift */; };
		9EB5811E1FB4C20E007C9766 /* K.swift in Sources */ = {isa = PBXBuildFile; fileRef = 9EB5811D1FB4C20E007C9766 /* K.swift */; };
		CE447CA7C490D6D03E0E12D1 /* Pods_WorldOfPhotos.framework in Frameworks */ = {isa = PBXBuildFile; fileRef = 4300E456FE28B902B310244B /* Pods_WorldOfPhotos.framework */; };
/* End PBXBuildFile section */

/* Begin PBXFileReference section */
		4300E456FE28B902B310244B /* Pods_WorldOfPhotos.framework */ = {isa = PBXFileReference; explicitFileType = wrapper.framework; includeInIndex = 0; path = Pods_WorldOfPhotos.framework; sourceTree = BUILT_PRODUCTS_DIR; };
		9E3880661FB25F1A008F35C1 /* WorldOfPhotos.app */ = {isa = PBXFileReference; explicitFileType = wrapper.application; includeInIndex = 0; path = WorldOfPhotos.app; sourceTree = BUILT_PRODUCTS_DIR; };
		9E3880691FB25F1A008F35C1 /* AppDelegate.swift */ = {isa = PBXFileReference; lastKnownFileType = sourcecode.swift; path = AppDelegate.swift; sourceTree = "<group>"; };
		9E38806B1FB25F1A008F35C1 /* OnBoardingVC.swift */ = {isa = PBXFileReference; lastKnownFileType = sourcecode.swift; path = OnBoardingVC.swift; sourceTree = "<group>"; };
		9E38806E1FB25F1A008F35C1 /* Base */ = {isa = PBXFileReference; lastKnownFileType = file.storyboard; name = Base; path = Base.lproj/Main.storyboard; sourceTree = "<group>"; };
		9E3880701FB25F1A008F35C1 /* Assets.xcassets */ = {isa = PBXFileReference; lastKnownFileType = folder.assetcatalog; path = Assets.xcassets; sourceTree = "<group>"; };
		9E3880731FB25F1A008F35C1 /* Base */ = {isa = PBXFileReference; lastKnownFileType = file.storyboard; name = Base; path = Base.lproj/LaunchScreen.storyboard; sourceTree = "<group>"; };
		9E3880751FB25F1A008F35C1 /* Info.plist */ = {isa = PBXFileReference; lastKnownFileType = text.plist.xml; path = Info.plist; sourceTree = "<group>"; };
		9EB581011FB260C5007C9766 /* OnBoardingView.swift */ = {isa = PBXFileReference; lastKnownFileType = sourcecode.swift; path = OnBoardingView.swift; sourceTree = "<group>"; };
		9EB581051FB2A0FF007C9766 /* WorldOfPhotos-Bridging-Header.h */ = {isa = PBXFileReference; lastKnownFileType = sourcecode.c.h; path = "WorldOfPhotos-Bridging-Header.h"; sourceTree = "<group>"; };
		9EB581061FB2A100007C9766 /* SWRevealViewController.m */ = {isa = PBXFileReference; fileEncoding = 4; lastKnownFileType = sourcecode.c.objc; path = SWRevealViewController.m; sourceTree = "<group>"; };
		9EB581071FB2A101007C9766 /* SWRevealViewController.h */ = {isa = PBXFileReference; fileEncoding = 4; lastKnownFileType = sourcecode.c.h; path = SWRevealViewController.h; sourceTree = "<group>"; };
		9EB581091FB2A238007C9766 /* HomeVC.swift */ = {isa = PBXFileReference; lastKnownFileType = sourcecode.swift; path = HomeVC.swift; sourceTree = "<group>"; };
		9EB5810B1FB2ADBF007C9766 /* ProfileVC.swift */ = {isa = PBXFileReference; lastKnownFileType = sourcecode.swift; path = ProfileVC.swift; sourceTree = "<group>"; };
		9EB5810D1FB2ADCC007C9766 /* MenuVC.swift */ = {isa = PBXFileReference; lastKnownFileType = sourcecode.swift; path = MenuVC.swift; sourceTree = "<group>"; };
		9EB5810F1FB2B914007C9766 /* NotesVC.swift */ = {isa = PBXFileReference; lastKnownFileType = sourcecode.swift; path = NotesVC.swift; sourceTree = "<group>"; };
		9EB581111FB2DAA5007C9766 /* CircleImageView.swift */ = {isa = PBXFileReference; lastKnownFileType = sourcecode.swift; path = CircleImageView.swift; sourceTree = "<group>"; };
		9EB581131FB37D41007C9766 /* CameraVC.swift */ = {isa = PBXFileReference; lastKnownFileType = sourcecode.swift; path = CameraVC.swift; sourceTree = "<group>"; };
		9EB581161FB38AE4007C9766 /* StoreData.swift */ = {isa = PBXFileReference; lastKnownFileType = sourcecode.swift; path = StoreData.swift; sourceTree = "<group>"; };
		9EB581181FB3AD28007C9766 /* ProfileBoardingView.swift */ = {isa = PBXFileReference; lastKnownFileType = sourcecode.swift; path = ProfileBoardingView.swift; sourceTree = "<group>"; };
		9EB5811A1FB4C122007C9766 /* Login-SignUpVC.swift */ = {isa = PBXFileReference; lastKnownFileType = sourcecode.swift; path = "Login-SignUpVC.swift"; sourceTree = "<group>"; };
		9EB5811D1FB4C20E007C9766 /* K.swift */ = {isa = PBXFileReference; lastKnownFileType = sourcecode.swift; path = K.swift; sourceTree = "<group>"; };
		AFA63956B408F89EB3D0F41F /* Pods-WorldOfPhotos.release.xcconfig */ = {isa = PBXFileReference; includeInIndex = 1; lastKnownFileType = text.xcconfig; name = "Pods-WorldOfPhotos.release.xcconfig"; path = "Pods/Target Support Files/Pods-WorldOfPhotos/Pods-WorldOfPhotos.release.xcconfig"; sourceTree = "<group>"; };
		E5AA4D183D5B2D8C66B9162F /* Pods-WorldOfPhotos.debug.xcconfig */ = {isa = PBXFileReference; includeInIndex = 1; lastKnownFileType = text.xcconfig; name = "Pods-WorldOfPhotos.debug.xcconfig"; path = "Pods/Target Support Files/Pods-WorldOfPhotos/Pods-WorldOfPhotos.debug.xcconfig"; sourceTree = "<group>"; };
/* End PBXFileReference section */

/* Begin PBXFrameworksBuildPhase section */
		9E3880631FB25F1A008F35C1 /* Frameworks */ = {
			isa = PBXFrameworksBuildPhase;
			buildActionMask = 2147483647;
			files = (
				CE447CA7C490D6D03E0E12D1 /* Pods_WorldOfPhotos.framework in Frameworks */,
			);
			runOnlyForDeploymentPostprocessing = 0;
		};
/* End PBXFrameworksBuildPhase section */

/* Begin PBXGroup section */
		30CED0B6E429507966C489BB /* Frameworks */ = {
			isa = PBXGroup;
			children = (
				4300E456FE28B902B310244B /* Pods_WorldOfPhotos.framework */,
			);
			name = Frameworks;
			sourceTree = "<group>";
		};
		3B6630B72DD20042682B2CD7 /* Pods */ = {
			isa = PBXGroup;
			children = (
				E5AA4D183D5B2D8C66B9162F /* Pods-WorldOfPhotos.debug.xcconfig */,
				AFA63956B408F89EB3D0F41F /* Pods-WorldOfPhotos.release.xcconfig */,
			);
			name = Pods;
			sourceTree = "<group>";
		};
		9E38805D1FB25F1A008F35C1 = {
			isa = PBXGroup;
			children = (
				9E3880681FB25F1A008F35C1 /* WorldOfPhotos */,
				9E3880671FB25F1A008F35C1 /* Products */,
				3B6630B72DD20042682B2CD7 /* Pods */,
				30CED0B6E429507966C489BB /* Frameworks */,
			);
			sourceTree = "<group>";
		};
		9E3880671FB25F1A008F35C1 /* Products */ = {
			isa = PBXGroup;
			children = (
				9E3880661FB25F1A008F35C1 /* WorldOfPhotos.app */,
			);
			name = Products;
			sourceTree = "<group>";
		};
		9E3880681FB25F1A008F35C1 /* WorldOfPhotos */ = {
			isa = PBXGroup;
			children = (
				9EB5811C1FB4C1FD007C9766 /* Constants */,
				9EB581041FB2A0D9007C9766 /* SWRevealVC */,
				9EB581151FB38AC2007C9766 /* Model */,
				9EB581001FB26049007C9766 /* View */,
				9EB581031FB29E52007C9766 /* Controllers */,
				9E3880691FB25F1A008F35C1 /* AppDelegate.swift */,
				9E38806D1FB25F1A008F35C1 /* Main.storyboard */,
				9E3880701FB25F1A008F35C1 /* Assets.xcassets */,
				9E3880721FB25F1A008F35C1 /* LaunchScreen.storyboard */,
				9E3880751FB25F1A008F35C1 /* Info.plist */,
			);
			path = WorldOfPhotos;
			sourceTree = "<group>";
		};
		9EB581001FB26049007C9766 /* View */ = {
			isa = PBXGroup;
			children = (
				9EB581011FB260C5007C9766 /* OnBoardingView.swift */,
				9EB581111FB2DAA5007C9766 /* CircleImageView.swift */,
				9EB581181FB3AD28007C9766 /* ProfileBoardingView.swift */,
			);
			path = View;
			sourceTree = "<group>";
		};
		9EB581031FB29E52007C9766 /* Controllers */ = {
			isa = PBXGroup;
			children = (
				9E38806B1FB25F1A008F35C1 /* OnBoardingVC.swift */,
				9EB581091FB2A238007C9766 /* HomeVC.swift */,
				9EB5810B1FB2ADBF007C9766 /* ProfileVC.swift */,
				9EB5810D1FB2ADCC007C9766 /* MenuVC.swift */,
				9EB5810F1FB2B914007C9766 /* NotesVC.swift */,
				9EB581131FB37D41007C9766 /* CameraVC.swift */,
				9EB5811A1FB4C122007C9766 /* Login-SignUpVC.swift */,
			);
			path = Controllers;
			sourceTree = "<group>";
		};
		9EB581041FB2A0D9007C9766 /* SWRevealVC */ = {
			isa = PBXGroup;
			children = (
				9EB581071FB2A101007C9766 /* SWRevealViewController.h */,
				9EB581061FB2A100007C9766 /* SWRevealViewController.m */,
				9EB581051FB2A0FF007C9766 /* WorldOfPhotos-Bridging-Header.h */,
			);
			path = SWRevealVC;
			sourceTree = "<group>";
		};
		9EB581151FB38AC2007C9766 /* Model */ = {
			isa = PBXGroup;
			children = (
				9EB581161FB38AE4007C9766 /* StoreData.swift */,
			);
			path = Model;
			sourceTree = "<group>";
		};
		9EB5811C1FB4C1FD007C9766 /* Constants */ = {
			isa = PBXGroup;
			children = (
				9EB5811D1FB4C20E007C9766 /* K.swift */,
			);
			path = Constants;
			sourceTree = "<group>";
		};
/* End PBXGroup section */

/* Begin PBXNativeTarget section */
		9E3880651FB25F1A008F35C1 /* WorldOfPhotos */ = {
			isa = PBXNativeTarget;
			buildConfigurationList = 9E3880781FB25F1A008F35C1 /* Build configuration list for PBXNativeTarget "WorldOfPhotos" */;
			buildPhases = (
				BBEC0068A43232135AEE451F /* [CP] Check Pods Manifest.lock */,
				9E3880621FB25F1A008F35C1 /* Sources */,
				9E3880631FB25F1A008F35C1 /* Frameworks */,
				9E3880641FB25F1A008F35C1 /* Resources */,
				A8E36C73130284BA41B49994 /* [CP] Embed Pods Frameworks */,
				091072620EBFE6DF6B83F0AC /* [CP] Copy Pods Resources */,
			);
			buildRules = (
			);
			dependencies = (
			);
			name = WorldOfPhotos;
			productName = WorldOfPhotos;
			productReference = 9E3880661FB25F1A008F35C1 /* WorldOfPhotos.app */;
			productType = "com.apple.product-type.application";
		};
/* End PBXNativeTarget section */

/* Begin PBXProject section */
		9E38805E1FB25F1A008F35C1 /* Project object */ = {
			isa = PBXProject;
			attributes = {
				LastSwiftUpdateCheck = 0910;
				LastUpgradeCheck = 0910;
				ORGANIZATIONNAME = kvkr;
				TargetAttributes = {
					9E3880651FB25F1A008F35C1 = {
						CreatedOnToolsVersion = 9.1;
						LastSwiftMigration = 0910;
						ProvisioningStyle = Automatic;
					};
				};
			};
			buildConfigurationList = 9E3880611FB25F1A008F35C1 /* Build configuration list for PBXProject "WorldOfPhotos" */;
			compatibilityVersion = "Xcode 8.0";
			developmentRegion = en;
			hasScannedForEncodings = 0;
			knownRegions = (
				en,
				Base,
			);
			mainGroup = 9E38805D1FB25F1A008F35C1;
			productRefGroup = 9E3880671FB25F1A008F35C1 /* Products */;
			projectDirPath = "";
			projectRoot = "";
			targets = (
				9E3880651FB25F1A008F35C1 /* WorldOfPhotos */,
			);
		};
/* End PBXProject section */

/* Begin PBXResourcesBuildPhase section */
		9E3880641FB25F1A008F35C1 /* Resources */ = {
			isa = PBXResourcesBuildPhase;
			buildActionMask = 2147483647;
			files = (
				9E3880741FB25F1A008F35C1 /* LaunchScreen.storyboard in Resources */,
				9E3880711FB25F1A008F35C1 /* Assets.xcassets in Resources */,
				9E38806F1FB25F1A008F35C1 /* Main.storyboard in Resources */,
			);
			runOnlyForDeploymentPostprocessing = 0;
		};
/* End PBXResourcesBuildPhase section */

/* Begin PBXShellScriptBuildPhase section */
		091072620EBFE6DF6B83F0AC /* [CP] Copy Pods Resources */ = {
			isa = PBXShellScriptBuildPhase;
			buildActionMask = 2147483647;
			files = (
			);
			inputPaths = (
			);
			name = "[CP] Copy Pods Resources";
			outputPaths = (
			);
			runOnlyForDeploymentPostprocessing = 0;
			shellPath = /bin/sh;
			shellScript = "\"${SRCROOT}/Pods/Target Support Files/Pods-WorldOfPhotos/Pods-WorldOfPhotos-resources.sh\"\n";
			showEnvVarsInLog = 0;
		};
		A8E36C73130284BA41B49994 /* [CP] Embed Pods Frameworks */ = {
			isa = PBXShellScriptBuildPhase;
			buildActionMask = 2147483647;
			files = (
			);
			inputPaths = (
				"${SRCROOT}/Pods/Target Support Files/Pods-WorldOfPhotos/Pods-WorldOfPhotos-frameworks.sh",
				"${BUILT_PRODUCTS_DIR}/paper-onboarding/paper_onboarding.framework",
			);
			name = "[CP] Embed Pods Frameworks";
			outputPaths = (
				"${TARGET_BUILD_DIR}/${FRAMEWORKS_FOLDER_PATH}/paper_onboarding.framework",
			);
			runOnlyForDeploymentPostprocessing = 0;
			shellPath = /bin/sh;
			shellScript = "\"${SRCROOT}/Pods/Target Support Files/Pods-WorldOfPhotos/Pods-WorldOfPhotos-frameworks.sh\"\n";
			showEnvVarsInLog = 0;
		};
		BBEC0068A43232135AEE451F /* [CP] Check Pods Manifest.lock */ = {
			isa = PBXShellScriptBuildPhase;
			buildActionMask = 2147483647;
			files = (
			);
			inputPaths = (
				"${PODS_PODFILE_DIR_PATH}/Podfile.lock",
				"${PODS_ROOT}/Manifest.lock",
			);
			name = "[CP] Check Pods Manifest.lock";
			outputPaths = (
				"$(DERIVED_FILE_DIR)/Pods-WorldOfPhotos-checkManifestLockResult.txt",
			);
			runOnlyForDeploymentPostprocessing = 0;
			shellPath = /bin/sh;
			shellScript = "diff \"${PODS_PODFILE_DIR_PATH}/Podfile.lock\" \"${PODS_ROOT}/Manifest.lock\" > /dev/null\nif [ $? != 0 ] ; then\n    # print error to STDERR\n    echo \"error: The sandbox is not in sync with the Podfile.lock. Run 'pod install' or update your CocoaPods installation.\" >&2\n    exit 1\nfi\n# This output is used by Xcode 'outputs' to avoid re-running this script phase.\necho \"SUCCESS\" > \"${SCRIPT_OUTPUT_FILE_0}\"\n";
			showEnvVarsInLog = 0;
		};
/* End PBXShellScriptBuildPhase section */

/* Begin PBXSourcesBuildPhase section */
		9E3880621FB25F1A008F35C1 /* Sources */ = {
			isa = PBXSourcesBuildPhase;
			buildActionMask = 2147483647;
			files = (
				9EB5810C1FB2ADBF007C9766 /* ProfileVC.swift in Sources */,
				9EB5811E1FB4C20E007C9766 /* K.swift in Sources */,
				9EB581121FB2DAA5007C9766 /* CircleImageView.swift in Sources */,
				9EB581021FB260C5007C9766 /* OnBoardingView.swift in Sources */,
				9EB581101FB2B914007C9766 /* NotesVC.swift in Sources */,
				9EB5811B1FB4C122007C9766 /* Login-SignUpVC.swift in Sources */,
				9EB581171FB38AE4007C9766 /* StoreData.swift in Sources */,
				9EB5810A1FB2A238007C9766 /* HomeVC.swift in Sources */,
				9EB581191FB3AD28007C9766 /* ProfileBoardingView.swift in Sources */,
				9EB5810E1FB2ADCC007C9766 /* MenuVC.swift in Sources */,
				9E38806C1FB25F1A008F35C1 /* OnBoardingVC.swift in Sources */,
				9EB581141FB37D42007C9766 /* CameraVC.swift in Sources */,
				9E38806A1FB25F1A008F35C1 /* AppDelegate.swift in Sources */,
				9EB581081FB2A101007C9766 /* SWRevealViewController.m in Sources */,
			);
			runOnlyForDeploymentPostprocessing = 0;
		};
/* End PBXSourcesBuildPhase section */

/* Begin PBXVariantGroup section */
		9E38806D1FB25F1A008F35C1 /* Main.storyboard */ = {
			isa = PBXVariantGroup;
			children = (
				9E38806E1FB25F1A008F35C1 /* Base */,
			);
			name = Main.storyboard;
			sourceTree = "<group>";
		};
		9E3880721FB25F1A008F35C1 /* LaunchScreen.storyboard */ = {
			isa = PBXVariantGroup;
			children = (
				9E3880731FB25F1A008F35C1 /* Base */,
			);
			name = LaunchScreen.storyboard;
			sourceTree = "<group>";
		};
/* End PBXVariantGroup section */

/* Begin XCBuildConfiguration section */
		9E3880761FB25F1A008F35C1 /* Debug */ = {
			isa = XCBuildConfiguration;
			buildSettings = {
				ALWAYS_SEARCH_USER_PATHS = NO;
				CLANG_ANALYZER_NONNULL = YES;
				CLANG_ANALYZER_NUMBER_OBJECT_CONVERSION = YES_AGGRESSIVE;
				CLANG_CXX_LANGUAGE_STANDARD = "gnu++14";
				CLANG_CXX_LIBRARY = "libc++";
				CLANG_ENABLE_MODULES = YES;
				CLANG_ENABLE_OBJC_ARC = YES;
				CLANG_WARN_BLOCK_CAPTURE_AUTORELEASING = YES;
				CLANG_WARN_BOOL_CONVERSION = YES;
				CLANG_WARN_COMMA = YES;
				CLANG_WARN_CONSTANT_CONVERSION = YES;
				CLANG_WARN_DIRECT_OBJC_ISA_USAGE = YES_ERROR;
				CLANG_WARN_DOCUMENTATION_COMMENTS = YES;
				CLANG_WARN_EMPTY_BODY = YES;
				CLANG_WARN_ENUM_CONVERSION = YES;
				CLANG_WARN_INFINITE_RECURSION = YES;
				CLANG_WARN_INT_CONVERSION = YES;
				CLANG_WARN_NON_LITERAL_NULL_CONVERSION = YES;
				CLANG_WARN_OBJC_LITERAL_CONVERSION = YES;
				CLANG_WARN_OBJC_ROOT_CLASS = YES_ERROR;
				CLANG_WARN_RANGE_LOOP_ANALYSIS = YES;
				CLANG_WARN_STRICT_PROTOTYPES = YES;
				CLANG_WARN_SUSPICIOUS_MOVE = YES;
				CLANG_WARN_UNGUARDED_AVAILABILITY = YES_AGGRESSIVE;
				CLANG_WARN_UNREACHABLE_CODE = YES;
				CLANG_WARN__DUPLICATE_METHOD_MATCH = YES;
				CODE_SIGN_IDENTITY = "iPhone Developer";
				COPY_PHASE_STRIP = NO;
				DEBUG_INFORMATION_FORMAT = dwarf;
				ENABLE_STRICT_OBJC_MSGSEND = YES;
				ENABLE_TESTABILITY = YES;
				GCC_C_LANGUAGE_STANDARD = gnu11;
				GCC_DYNAMIC_NO_PIC = NO;
				GCC_NO_COMMON_BLOCKS = YES;
				GCC_OPTIMIZATION_LEVEL = 0;
				GCC_PREPROCESSOR_DEFINITIONS = (
					"DEBUG=1",
					"$(inherited)",
				);
				GCC_WARN_64_TO_32_BIT_CONVERSION = YES;
				GCC_WARN_ABOUT_RETURN_TYPE = YES_ERROR;
				GCC_WARN_UNDECLARED_SELECTOR = YES;
				GCC_WARN_UNINITIALIZED_AUTOS = YES_AGGRESSIVE;
				GCC_WARN_UNUSED_FUNCTION = YES;
				GCC_WARN_UNUSED_VARIABLE = YES;
				IPHONEOS_DEPLOYMENT_TARGET = 11.1;
				MTL_ENABLE_DEBUG_INFO = YES;
				ONLY_ACTIVE_ARCH = YES;
				SDKROOT = iphoneos;
				SWIFT_ACTIVE_COMPILATION_CONDITIONS = DEBUG;
				SWIFT_OPTIMIZATION_LEVEL = "-Onone";
			};
			name = Debug;
		};
		9E3880771FB25F1A008F35C1 /* Release */ = {
			isa = XCBuildConfiguration;
			buildSettings = {
				ALWAYS_SEARCH_USER_PATHS = NO;
				CLANG_ANALYZER_NONNULL = YES;
				CLANG_ANALYZER_NUMBER_OBJECT_CONVERSION = YES_AGGRESSIVE;
				CLANG_CXX_LANGUAGE_STANDARD = "gnu++14";
				CLANG_CXX_LIBRARY = "libc++";
				CLANG_ENABLE_MODULES = YES;
				CLANG_ENABLE_OBJC_ARC = YES;
				CLANG_WARN_BLOCK_CAPTURE_AUTORELEASING = YES;
				CLANG_WARN_BOOL_CONVERSION = YES;
				CLANG_WARN_COMMA = YES;
				CLANG_WARN_CONSTANT_CONVERSION = YES;
				CLANG_WARN_DIRECT_OBJC_ISA_USAGE = YES_ERROR;
				CLANG_WARN_DOCUMENTATION_COMMENTS = YES;
				CLANG_WARN_EMPTY_BODY = YES;
				CLANG_WARN_ENUM_CONVERSION = YES;
				CLANG_WARN_INFINITE_RECURSION = YES;
				CLANG_WARN_INT_CONVERSION = YES;
				CLANG_WARN_NON_LITERAL_NULL_CONVERSION = YES;
				CLANG_WARN_OBJC_LITERAL_CONVERSION = YES;
				CLANG_WARN_OBJC_ROOT_CLASS = YES_ERROR;
				CLANG_WARN_RANGE_LOOP_ANALYSIS = YES;
				CLANG_WARN_STRICT_PROTOTYPES = YES;
				CLANG_WARN_SUSPICIOUS_MOVE = YES;
				CLANG_WARN_UNGUARDED_AVAILABILITY = YES_AGGRESSIVE;
				CLANG_WARN_UNREACHABLE_CODE = YES;
				CLANG_WARN__DUPLICATE_METHOD_MATCH = YES;
				CODE_SIGN_IDENTITY = "iPhone Developer";
				COPY_PHASE_STRIP = NO;
				DEBUG_INFORMATION_FORMAT = "dwarf-with-dsym";
				ENABLE_NS_ASSERTIONS = NO;
				ENABLE_STRICT_OBJC_MSGSEND = YES;
				GCC_C_LANGUAGE_STANDARD = gnu11;
				GCC_NO_COMMON_BLOCKS = YES;
				GCC_WARN_64_TO_32_BIT_CONVERSION = YES;
				GCC_WARN_ABOUT_RETURN_TYPE = YES_ERROR;
				GCC_WARN_UNDECLARED_SELECTOR = YES;
				GCC_WARN_UNINITIALIZED_AUTOS = YES_AGGRESSIVE;
				GCC_WARN_UNUSED_FUNCTION = YES;
				GCC_WARN_UNUSED_VARIABLE = YES;
				IPHONEOS_DEPLOYMENT_TARGET = 11.1;
				MTL_ENABLE_DEBUG_INFO = NO;
				SDKROOT = iphoneos;
				SWIFT_OPTIMIZATION_LEVEL = "-Owholemodule";
				VALIDATE_PRODUCT = YES;
			};
			name = Release;
		};
		9E3880791FB25F1A008F35C1 /* Debug */ = {
			isa = XCBuildConfiguration;
			baseConfigurationReference = E5AA4D183D5B2D8C66B9162F /* Pods-WorldOfPhotos.debug.xcconfig */;
			buildSettings = {
				ASSETCATALOG_COMPILER_APPICON_NAME = AppIcon;
				CLANG_ENABLE_MODULES = YES;
				CODE_SIGN_STYLE = Automatic;
				DEVELOPMENT_TEAM = ZELVJRAH4Y;
				INFOPLIST_FILE = WorldOfPhotos/Info.plist;
				LD_RUNPATH_SEARCH_PATHS = "$(inherited) @executable_path/Frameworks";
				PRODUCT_BUNDLE_IDENTIFIER = ownApplicationDevelopment.WorldOfPhotos;
				PRODUCT_NAME = "$(TARGET_NAME)";
				SWIFT_OBJC_BRIDGING_HEADER = "WorldOfPhotos/SWRevealVC/WorldOfPhotos-Bridging-Header.h";
				SWIFT_OPTIMIZATION_LEVEL = "-Onone";
				SWIFT_VERSION = 4.0;
				TARGETED_DEVICE_FAMILY = "1,2";
			};
			name = Debug;
		};
		9E38807A1FB25F1A008F35C1 /* Release */ = {
			isa = XCBuildConfiguration;
			baseConfigurationReference = AFA63956B408F89EB3D0F41F /* Pods-WorldOfPhotos.release.xcconfig */;
			buildSettings = {
				ASSETCATALOG_COMPILER_APPICON_NAME = AppIcon;
				CLANG_ENABLE_MODULES = YES;
				CODE_SIGN_STYLE = Automatic;
				DEVELOPMENT_TEAM = ZELVJRAH4Y;
				INFOPLIST_FILE = WorldOfPhotos/Info.plist;
				LD_RUNPATH_SEARCH_PATHS = "$(inherited) @executable_path/Frameworks";
				PRODUCT_BUNDLE_IDENTIFIER = ownApplicationDevelopment.WorldOfPhotos;
				PRODUCT_NAME = "$(TARGET_NAME)";
				SWIFT_OBJC_BRIDGING_HEADER = "WorldOfPhotos/SWRevealVC/WorldOfPhotos-Bridging-Header.h";
				SWIFT_VERSION = 4.0;
				TARGETED_DEVICE_FAMILY = "1,2";
			};
			name = Release;
		};
/* End XCBuildConfiguration section */

/* Begin XCConfigurationList section */
		9E3880611FB25F1A008F35C1 /* Build configuration list for PBXProject "WorldOfPhotos" */ = {
			isa = XCConfigurationList;
			buildConfigurations = (
				9E3880761FB25F1A008F35C1 /* Debug */,
				9E3880771FB25F1A008F35C1 /* Release */,
			);
			defaultConfigurationIsVisible = 0;
			defaultConfigurationName = Release;
		};
		9E3880781FB25F1A008F35C1 /* Build configuration list for PBXNativeTarget "WorldOfPhotos" */ = {
			isa = XCConfigurationList;
			buildConfigurations = (
				9E3880791FB25F1A008F35C1 /* Debug */,
				9E38807A1FB25F1A008F35C1 /* Release */,
			);
			defaultConfigurationIsVisible = 0;
			defaultConfigurationName = Release;
		};
/* End XCConfigurationList section */
	};
	rootObject = 9E38805E1FB25F1A008F35C1 /* Project object */;
}
